
Microsoft Visual Studio Solution File, Format Version 12.00
# Visual Studio Version 17
VisualStudioVersion = 17.0.31903.59
MinimumVisualStudioVersion = 10.0.40219.1
Project("{FAE04EC0-301F-11D3-BF4B-00C04F79EFBC}") = "tyo-mq-client-csharp", "tyo-mq-client-csharp\tyo-mq-client-csharp.csproj", "{16ECA949-7B33-4BE5-B9CC-62126B2B50C7}"
EndProject
Project("{FAE04EC0-301F-11D3-BF4B-00C04F79EFBC}") = "tyo-mq-client-sample", "tyo-mq-client-sample\tyo-mq-client-sample.csproj", "{023A7F72-8C0E-46DA-B1BC-B2B093CCDD45}"
EndProject
Global
	GlobalSection(SolutionConfigurationPlatforms) = preSolution
		Debug|Any CPU = Debug|Any CPU
		Release|Any CPU = Release|Any CPU
	EndGlobalSection
	GlobalSection(SolutionProperties) = preSolution
		HideSolutionNode = FALSE
	EndGlobalSection
	GlobalSection(ProjectConfigurationPlatforms) = postSolution
		{16ECA949-7B33-4BE5-B9CC-62126B2B50C7}.Debug|Any CPU.ActiveCfg = Debug|Any CPU
		{16ECA949-7B33-4BE5-B9CC-62126B2B50C7}.Debug|Any CPU.Build.0 = Debug|Any CPU
		{16ECA949-7B33-4BE5-B9CC-62126B2B50C7}.Release|Any CPU.ActiveCfg = Release|Any CPU
		{16ECA949-7B33-4BE5-B9CC-62126B2B50C7}.Release|Any CPU.Build.0 = Release|Any CPU
		{023A7F72-8C0E-46DA-B1BC-B2B093CCDD45}.Debug|Any CPU.ActiveCfg = Debug|Any CPU
		{023A7F72-8C0E-46DA-B1BC-B2B093CCDD45}.Debug|Any CPU.Build.0 = Debug|Any CPU
		{023A7F72-8C0E-46DA-B1BC-B2B093CCDD45}.Release|Any CPU.ActiveCfg = Release|Any CPU
		{023A7F72-8C0E-46DA-B1BC-B2B093CCDD45}.Release|Any CPU.Build.0 = Release|Any CPU
	EndGlobalSection
EndGlobal
